<Solution>
  <Folder Name="/src/">
    <Project Path="src/Clast.DatabaseDecimal/Clast.DatabaseDecimal.csproj" />
  </Folder>
  <Folder Name="/tests/">
    <Project Path="tests/Clast.DatabaseDecimal.Tests/Clast.DatabaseDecimal.Tests.csproj" />
  </Folder>
  <Folder Name="/benchmarks/">
    <Project Path="benchmarks/Clast.DatabaseDecimal.Benchmarks/Clast.DatabaseDecimal.Benchmarks.csproj" />
  </Folder>
</Solution>
